
Microsoft Visual Studio Solution File, Format Version 12.00
# Visual Studio Version 16
VisualStudioVersion = 16.0.31129.286
MinimumVisualStudioVersion = 10.0.40219.1
Project("{FAE04EC0-301F-11D3-BF4B-00C04F79EFBC}") = "RowebInternship.Api", "RowebInternship.Api\RowebInternship.Api.csproj", "{709E10F2-1994-4020-AC84-A9076CCDADC9}"
EndProject
Global
	GlobalSection(SolutionConfigurationPlatforms) = preSolution
		Debug|Any CPU = Debug|Any CPU
		Release|Any CPU = Release|Any CPU
	EndGlobalSection
	GlobalSection(ProjectConfigurationPlatforms) = postSolution
		{709E10F2-1994-4020-AC84-A9076CCDADC9}.Debug|Any CPU.ActiveCfg = Debug|Any CPU
		{709E10F2-1994-4020-AC84-A9076CCDADC9}.Debug|Any CPU.Build.0 = Debug|Any CPU
		{709E10F2-1994-4020-AC84-A9076CCDADC9}.Release|Any CPU.ActiveCfg = Release|Any CPU
		{709E10F2-1994-4020-AC84-A9076CCDADC9}.Release|Any CPU.Build.0 = Release|Any CPU
	EndGlobalSection
	GlobalSection(SolutionProperties) = preSolution
		HideSolutionNode = FALSE
	EndGlobalSection
	GlobalSection(ExtensibilityGlobals) = postSolution
		SolutionGuid = {C785A7EB-5BF6-4694-9C94-A0D2A572A768}
	EndGlobalSection
EndGlobal
